
Microsoft Visual Studio Solution File, Format Version 12.00
# Visual Studio Version 17
VisualStudioVersion = 17.9.34723.18
MinimumVisualStudioVersion = 10.0.40219.1
Project("{9A19103F-16F7-4668-BE54-9A1E7A4F7556}") = "EmptyRestAPI", "EmptyRestAPI\EmptyRestAPI.csproj", "{9DC71946-5E0D-43B0-942A-C1A330DF2438}"
EndProject
Global
	GlobalSection(SolutionConfigurationPlatforms) = preSolution
		Debug|Any CPU = Debug|Any CPU
		Release|Any CPU = Release|Any CPU
	EndGlobalSection
	GlobalSection(ProjectConfigurationPlatforms) = postSolution
		{9DC71946-5E0D-43B0-942A-C1A330DF2438}.Debug|Any CPU.ActiveCfg = Debug|Any CPU
		{9DC71946-5E0D-43B0-942A-C1A330DF2438}.Debug|Any CPU.Build.0 = Debug|Any CPU
		{9DC71946-5E0D-43B0-942A-C1A330DF2438}.Release|Any CPU.ActiveCfg = Release|Any CPU
		{9DC71946-5E0D-43B0-942A-C1A330DF2438}.Release|Any CPU.Build.0 = Release|Any CPU
	EndGlobalSection
	GlobalSection(SolutionProperties) = preSolution
		HideSolutionNode = FALSE
	EndGlobalSection
	GlobalSection(ExtensibilityGlobals) = postSolution
		SolutionGuid = {8E2CA7CE-508E-4C6F-ACF8-904450A824C8}
	EndGlobalSection
EndGlobal
